// !$*UTF8*$!
{
	archiveVersion = 1;
	classes = {
	};
	objectVersion = 48;
	objects = {

/* Begin PBXBuildFile section */
		86E0B46B20C8CC5400424FCC /* AppDelegate.m in Sources */ = {isa = PBXBuildFile; fileRef = 86E0B46A20C8CC5400424FCC /* AppDelegate.m */; };
		86E0B46E20C8CC5400424FCC /* MasterViewController.m in Sources */ = {isa = PBXBuildFile; fileRef = 86E0B46D20C8CC5400424FCC /* MasterViewController.m */; };
		86E0B47120C8CC5400424FCC /* DetailViewController.m in Sources */ = {isa = PBXBuildFile; fileRef = 86E0B47020C8CC5400424FCC /* DetailViewController.m */; };
		86E0B47420C8CC5400424FCC /* Main.storyboard in Resources */ = {isa = PBXBuildFile; fileRef = 86E0B47220C8CC5400424FCC /* Main.storyboard */; };
		86E0B47620C8CC5400424FCC /* Assets.xcassets in Resources */ = {isa = PBXBuildFile; fileRef = 86E0B47520C8CC5400424FCC /* Assets.xcassets */; };
		86E0B47920C8CC5400424FCC /* LaunchScreen.storyboard in Resources */ = {isa = PBXBuildFile; fileRef = 86E0B47720C8CC5400424FCC /* LaunchScreen.storyboard */; };
		86E0B47C20C8CC5400424FCC /* main.m in Sources */ = {isa = PBXBuildFile; fileRef = 86E0B47B20C8CC5400424FCC /* main.m */; };
		86E0B48620C8CC5400424FCC /* LEOLabTests.m in Sources */ = {isa = PBXBuildFile; fileRef = 86E0B48520C8CC5400424FCC /* LEOLabTests.m */; };
		86E0B49120C8CC5400424FCC /* LEOLabUITests.m in Sources */ = {isa = PBXBuildFile; fileRef = 86E0B49020C8CC5400424FCC /* LEOLabUITests.m */; };
		86E0B4A120C8CE7A00424FCC /* LEOSegment.m in Sources */ = {isa = PBXBuildFile; fileRef = 86E0B4A020C8CE7A00424FCC /* LEOSegment.m */; };
		86E0B4A420C8CECE00424FCC /* LEOSegmentControlViewController.m in Sources */ = {isa = PBXBuildFile; fileRef = 86E0B4A320C8CECE00424FCC /* LEOSegmentControlViewController.m */; };
/* End PBXBuildFile section */

/* Begin PBXContainerItemProxy section */
		86E0B48220C8CC5400424FCC /* PBXContainerItemProxy */ = {
			isa = PBXContainerItemProxy;
			containerPortal = 86E0B45E20C8CC5400424FCC /* Project object */;
			proxyType = 1;
			remoteGlobalIDString = 86E0B46520C8CC5400424FCC;
			remoteInfo = LEOLab;
		};
		86E0B48D20C8CC5400424FCC /* PBXContainerItemProxy */ = {
			isa = PBXContainerItemProxy;
			containerPortal = 86E0B45E20C8CC5400424FCC /* Project object */;
			proxyType = 1;
			remoteGlobalIDString = 86E0B46520C8CC5400424FCC;
			remoteInfo = LEOLab;
		};
/* End PBXContainerItemProxy section */

/* Begin PBXFileReference section */
		86E0B46620C8CC5400424FCC /* LEOLab.app */ = {isa = PBXFileReference; explicitFileType = wrapper.application; includeInIndex = 0; path = LEOLab.app; sourceTree = BUILT_PRODUCTS_DIR; };
		86E0B46920C8CC5400424FCC /* AppDelegate.h */ = {isa = PBXFileReference; lastKnownFileType = sourcecode.c.h; path = AppDelegate.h; sourceTree = "<group>"; };
		86E0B46A20C8CC5400424FCC /* AppDelegate.m */ = {isa = PBXFileReference; lastKnownFileType = sourcecode.c.objc; path = AppDelegate.m; sourceTree = "<group>"; };
		86E0B46C20C8CC5400424FCC /* MasterViewController.h */ = {isa = PBXFileReference; lastKnownFileType = sourcecode.c.h; path = MasterViewController.h; sourceTree = "<group>"; };
		86E0B46D20C8CC5400424FCC /* MasterViewController.m */ = {isa = PBXFileReference; lastKnownFileType = sourcecode.c.objc; path = MasterViewController.m; sourceTree = "<group>"; };
		86E0B46F20C8CC5400424FCC /* DetailViewController.h */ = {isa = PBXFileReference; lastKnownFileType = sourcecode.c.h; path = DetailViewController.h; sourceTree = "<group>"; };
		86E0B47020C8CC5400424FCC /* DetailViewController.m */ = {isa = PBXFileReference; lastKnownFileType = sourcecode.c.objc; path = DetailViewController.m; sourceTree = "<group>"; };
		86E0B47320C8CC5400424FCC /* Base */ = {isa = PBXFileReference; lastKnownFileType = file.storyboard; name = Base; path = Base.lproj/Main.storyboard; sourceTree = "<group>"; };
		86E0B47520C8CC5400424FCC /* Assets.xcassets */ = {isa = PBXFileReference; lastKnownFileType = folder.assetcatalog; path = Assets.xcassets; sourceTree = "<group>"; };
		86E0B47820C8CC5400424FCC /* Base */ = {isa = PBXFileReference; lastKnownFileType = file.storyboard; name = Base; path = Base.lproj/LaunchScreen.storyboard; sourceTree = "<group>"; };
		86E0B47A20C8CC5400424FCC /* Info.plist */ = {isa = PBXFileReference; lastKnownFileType = text.plist.xml; path = Info.plist; sourceTree = "<group>"; };
		86E0B47B20C8CC5400424FCC /* main.m */ = {isa = PBXFileReference; lastKnownFileType = sourcecode.c.objc; path = main.m; sourceTree = "<group>"; };
		86E0B48120C8CC5400424FCC /* LEOLabTests.xctest */ = {isa = PBXFileReference; explicitFileType = wrapper.cfbundle; includeInIndex = 0; path = LEOLabTests.xctest; sourceTree = BUILT_PRODUCTS_DIR; };
		86E0B48520C8CC5400424FCC /* LEOLabTests.m */ = {isa = PBXFileReference; lastKnownFileType = sourcecode.c.objc; path = LEOLabTests.m; sourceTree = "<group>"; };
		86E0B48720C8CC5400424FCC /* Info.plist */ = {isa = PBXFileReference; lastKnownFileType = text.plist.xml; path = Info.plist; sourceTree = "<group>"; };
		86E0B48C20C8CC5400424FCC /* LEOLabUITests.xctest */ = {isa = PBXFileReference; explicitFileType = wrapper.cfbundle; includeInIndex = 0; path = LEOLabUITests.xctest; sourceTree = BUILT_PRODUCTS_DIR; };
		86E0B49020C8CC5400424FCC /* LEOLabUITests.m */ = {isa = PBXFileReference; lastKnownFileType = sourcecode.c.objc; path = LEOLabUITests.m; sourceTree = "<group>"; };
		86E0B49220C8CC5400424FCC /* Info.plist */ = {isa = PBXFileReference; lastKnownFileType = text.plist.xml; path = Info.plist; sourceTree = "<group>"; };
		86E0B49F20C8CE7A00424FCC /* LEOSegment.h */ = {isa = PBXFileReference; lastKnownFileType = sourcecode.c.h; path = LEOSegment.h; sourceTree = "<group>"; };
		86E0B4A020C8CE7A00424FCC /* LEOSegment.m */ = {isa = PBXFileReference; lastKnownFileType = sourcecode.c.objc; path = LEOSegment.m; sourceTree = "<group>"; };
		86E0B4A220C8CECE00424FCC /* LEOSegmentControlViewController.h */ = {isa = PBXFileReference; lastKnownFileType = sourcecode.c.h; path = LEOSegmentControlViewController.h; sourceTree = "<group>"; };
		86E0B4A320C8CECE00424FCC /* LEOSegmentControlViewController.m */ = {isa = PBXFileReference; lastKnownFileType = sourcecode.c.objc; path = LEOSegmentControlViewController.m; sourceTree = "<group>"; };
/* End PBXFileReference section */

/* Begin PBXFrameworksBuildPhase section */
		86E0B46320C8CC5400424FCC /* Frameworks */ = {
			isa = PBXFrameworksBuildPhase;
			buildActionMask = 2147483647;
			files = (
			);
			runOnlyForDeploymentPostprocessing = 0;
		};
		86E0B47E20C8CC5400424FCC /* Frameworks */ = {
			isa = PBXFrameworksBuildPhase;
			buildActionMask = 2147483647;
			files = (
			);
			runOnlyForDeploymentPostprocessing = 0;
		};
		86E0B48920C8CC5400424FCC /* Frameworks */ = {
			isa = PBXFrameworksBuildPhase;
			buildActionMask = 2147483647;
			files = (
			);
			runOnlyForDeploymentPostprocessing = 0;
		};
/* End PBXFrameworksBuildPhase section */

/* Begin PBXGroup section */
		86E0B45D20C8CC5400424FCC = {
			isa = PBXGroup;
			children = (
				86E0B46820C8CC5400424FCC /* LEOLab */,
				86E0B48420C8CC5400424FCC /* LEOLabTests */,
				86E0B48F20C8CC5400424FCC /* LEOLabUITests */,
				86E0B46720C8CC5400424FCC /* Products */,
			);
			sourceTree = "<group>";
		};
		86E0B46720C8CC5400424FCC /* Products */ = {
			isa = PBXGroup;
			children = (
				86E0B46620C8CC5400424FCC /* LEOLab.app */,
				86E0B48120C8CC5400424FCC /* LEOLabTests.xctest */,
				86E0B48C20C8CC5400424FCC /* LEOLabUITests.xctest */,
			);
			name = Products;
			sourceTree = "<group>";
		};
		86E0B46820C8CC5400424FCC /* LEOLab */ = {
			isa = PBXGroup;
			children = (
				86E0B49E20C8CE5500424FCC /* Segment */,
				86E0B46920C8CC5400424FCC /* AppDelegate.h */,
				86E0B46A20C8CC5400424FCC /* AppDelegate.m */,
				86E0B46C20C8CC5400424FCC /* MasterViewController.h */,
				86E0B46D20C8CC5400424FCC /* MasterViewController.m */,
				86E0B46F20C8CC5400424FCC /* DetailViewController.h */,
				86E0B47020C8CC5400424FCC /* DetailViewController.m */,
				86E0B47220C8CC5400424FCC /* Main.storyboard */,
				86E0B47520C8CC5400424FCC /* Assets.xcassets */,
				86E0B47720C8CC5400424FCC /* LaunchScreen.storyboard */,
				86E0B47A20C8CC5400424FCC /* Info.plist */,
				86E0B47B20C8CC5400424FCC /* main.m */,
			);
			path = LEOLab;
			sourceTree = "<group>";
		};
		86E0B48420C8CC5400424FCC /* LEOLabTests */ = {
			isa = PBXGroup;
			children = (
				86E0B48520C8CC5400424FCC /* LEOLabTests.m */,
				86E0B48720C8CC5400424FCC /* Info.plist */,
			);
			path = LEOLabTests;
			sourceTree = "<group>";
		};
		86E0B48F20C8CC5400424FCC /* LEOLabUITests */ = {
			isa = PBXGroup;
			children = (
				86E0B49020C8CC5400424FCC /* LEOLabUITests.m */,
				86E0B49220C8CC5400424FCC /* Info.plist */,
			);
			path = LEOLabUITests;
			sourceTree = "<group>";
		};
		86E0B49E20C8CE5500424FCC /* Segment */ = {
			isa = PBXGroup;
			children = (
				86E0B49F20C8CE7A00424FCC /* LEOSegment.h */,
				86E0B4A020C8CE7A00424FCC /* LEOSegment.m */,
				86E0B4A220C8CECE00424FCC /* LEOSegmentControlViewController.h */,
				86E0B4A320C8CECE00424FCC /* LEOSegmentControlViewController.m */,
			);
			path = Segment;
			sourceTree = "<group>";
		};
/* End PBXGroup section */

/* Begin PBXNativeTarget section */
		86E0B46520C8CC5400424FCC /* LEOLab */ = {
			isa = PBXNativeTarget;
			buildConfigurationList = 86E0B49520C8CC5400424FCC /* Build configuration list for PBXNativeTarget "LEOLab" */;
			buildPhases = (
				86E0B46220C8CC5400424FCC /* Sources */,
				86E0B46320C8CC5400424FCC /* Frameworks */,
				86E0B46420C8CC5400424FCC /* Resources */,
			);
			buildRules = (
			);
			dependencies = (
			);
			name = LEOLab;
			productName = LEOLab;
			productReference = 86E0B46620C8CC5400424FCC /* LEOLab.app */;
			productType = "com.apple.product-type.application";
		};
		86E0B48020C8CC5400424FCC /* LEOLabTests */ = {
			isa = PBXNativeTarget;
			buildConfigurationList = 86E0B49820C8CC5400424FCC /* Build configuration list for PBXNativeTarget "LEOLabTests" */;
			buildPhases = (
				86E0B47D20C8CC5400424FCC /* Sources */,
				86E0B47E20C8CC5400424FCC /* Frameworks */,
				86E0B47F20C8CC5400424FCC /* Resources */,
			);
			buildRules = (
			);
			dependencies = (
				86E0B48320C8CC5400424FCC /* PBXTargetDependency */,
			);
			name = LEOLabTests;
			productName = LEOLabTests;
			productReference = 86E0B48120C8CC5400424FCC /* LEOLabTests.xctest */;
			productType = "com.apple.product-type.bundle.unit-test";
		};
		86E0B48B20C8CC5400424FCC /* LEOLabUITests */ = {
			isa = PBXNativeTarget;
			buildConfigurationList = 86E0B49B20C8CC5400424FCC /* Build configuration list for PBXNativeTarget "LEOLabUITests" */;
			buildPhases = (
				86E0B48820C8CC5400424FCC /* Sources */,
				86E0B48920C8CC5400424FCC /* Frameworks */,
				86E0B48A20C8CC5400424FCC /* Resources */,
			);
			buildRules = (
			);
			dependencies = (
				86E0B48E20C8CC5400424FCC /* PBXTargetDependency */,
			);
			name = LEOLabUITests;
			productName = LEOLabUITests;
			productReference = 86E0B48C20C8CC5400424FCC /* LEOLabUITests.xctest */;
			productType = "com.apple.product-type.bundle.ui-testing";
		};
/* End PBXNativeTarget section */

/* Begin PBXProject section */
		86E0B45E20C8CC5400424FCC /* Project object */ = {
			isa = PBXProject;
			attributes = {
				LastUpgradeCheck = 0920;
				ORGANIZATIONNAME = zhangliaoyuan;
				TargetAttributes = {
					86E0B46520C8CC5400424FCC = {
						CreatedOnToolsVersion = 9.2;
						ProvisioningStyle = Automatic;
					};
					86E0B48020C8CC5400424FCC = {
						CreatedOnToolsVersion = 9.2;
						ProvisioningStyle = Automatic;
						TestTargetID = 86E0B46520C8CC5400424FCC;
					};
					86E0B48B20C8CC5400424FCC = {
						CreatedOnToolsVersion = 9.2;
						ProvisioningStyle = Automatic;
						TestTargetID = 86E0B46520C8CC5400424FCC;
					};
				};
			};
			buildConfigurationList = 86E0B46120C8CC5400424FCC /* Build configuration list for PBXProject "LEOLab" */;
			compatibilityVersion = "Xcode 8.0";
			developmentRegion = en;
			hasScannedForEncodings = 0;
			knownRegions = (
				en,
				Base,
			);
			mainGroup = 86E0B45D20C8CC5400424FCC;
			productRefGroup = 86E0B46720C8CC5400424FCC /* Products */;
			projectDirPath = "";
			projectRoot = "";
			targets = (
				86E0B46520C8CC5400424FCC /* LEOLab */,
				86E0B48020C8CC5400424FCC /* LEOLabTests */,
				86E0B48B20C8CC5400424FCC /* LEOLabUITests */,
			);
		};
/* End PBXProject section */

/* Begin PBXResourcesBuildPhase section */
		86E0B46420C8CC5400424FCC /* Resources */ = {
			isa = PBXResourcesBuildPhase;
			buildActionMask = 2147483647;
			files = (
				86E0B47920C8CC5400424FCC /* LaunchScreen.storyboard in Resources */,
				86E0B47620C8CC5400424FCC /* Assets.xcassets in Resources */,
				86E0B47420C8CC5400424FCC /* Main.storyboard in Resources */,
			);
			runOnlyForDeploymentPostprocessing = 0;
		};
		86E0B47F20C8CC5400424FCC /* Resources */ = {
			isa = PBXResourcesBuildPhase;
			buildActionMask = 2147483647;
			files = (
			);
			runOnlyForDeploymentPostprocessing = 0;
		};
		86E0B48A20C8CC5400424FCC /* Resources */ = {
			isa = PBXResourcesBuildPhase;
			buildActionMask = 2147483647;
			files = (
			);
			runOnlyForDeploymentPostprocessing = 0;
		};
/* End PBXResourcesBuildPhase section */

/* Begin PBXSourcesBuildPhase section */
		86E0B46220C8CC5400424FCC /* Sources */ = {
			isa = PBXSourcesBuildPhase;
			buildActionMask = 2147483647;
			files = (
				86E0B46E20C8CC5400424FCC /* MasterViewController.m in Sources */,
				86E0B4A120C8CE7A00424FCC /* LEOSegment.m in Sources */,
				86E0B46B20C8CC5400424FCC /* AppDelegate.m in Sources */,
				86E0B47C20C8CC5400424FCC /* main.m in Sources */,
				86E0B47120C8CC5400424FCC /* DetailViewController.m in Sources */,
				86E0B4A420C8CECE00424FCC /* LEOSegmentControlViewController.m in Sources */,
			);
			runOnlyForDeploymentPostprocessing = 0;
		};
		86E0B47D20C8CC5400424FCC /* Sources */ = {
			isa = PBXSourcesBuildPhase;
			buildActionMask = 2147483647;
			files = (
				86E0B48620C8CC5400424FCC /* LEOLabTests.m in Sources */,
			);
			runOnlyForDeploymentPostprocessing = 0;
		};
		86E0B48820C8CC5400424FCC /* Sources */ = {
			isa = PBXSourcesBuildPhase;
			buildActionMask = 2147483647;
			files = (
				86E0B49120C8CC5400424FCC /* LEOLabUITests.m in Sources */,
			);
			runOnlyForDeploymentPostprocessing = 0;
		};
/* End PBXSourcesBuildPhase section */

/* Begin PBXTargetDependency section */
		86E0B48320C8CC5400424FCC /* PBXTargetDependency */ = {
			isa = PBXTargetDependency;
			target = 86E0B46520C8CC5400424FCC /* LEOLab */;
			targetProxy = 86E0B48220C8CC5400424FCC /* PBXContainerItemProxy */;
		};
		86E0B48E20C8CC5400424FCC /* PBXTargetDependency */ = {
			isa = PBXTargetDependency;
			target = 86E0B46520C8CC5400424FCC /* LEOLab */;
			targetProxy = 86E0B48D20C8CC5400424FCC /* PBXContainerItemProxy */;
		};
/* End PBXTargetDependency section */

/* Begin PBXVariantGroup section */
		86E0B47220C8CC5400424FCC /* Main.storyboard */ = {
			isa = PBXVariantGroup;
			children = (
				86E0B47320C8CC5400424FCC /* Base */,
			);
			name = Main.storyboard;
			sourceTree = "<group>";
		};
		86E0B47720C8CC5400424FCC /* LaunchScreen.storyboard */ = {
			isa = PBXVariantGroup;
			children = (
				86E0B47820C8CC5400424FCC /* Base */,
			);
			name = LaunchScreen.storyboard;
			sourceTree = "<group>";
		};
/* End PBXVariantGroup section */

/* Begin XCBuildConfiguration section */
		86E0B49320C8CC5400424FCC /* Debug */ = {
			isa = XCBuildConfiguration;
			buildSettings = {
				ALWAYS_SEARCH_USER_PATHS = NO;
				CLANG_ANALYZER_NONNULL = YES;
				CLANG_ANALYZER_NUMBER_OBJECT_CONVERSION = YES_AGGRESSIVE;
				CLANG_CXX_LANGUAGE_STANDARD = "gnu++14";
				CLANG_CXX_LIBRARY = "libc++";
				CLANG_ENABLE_MODULES = YES;
				CLANG_ENABLE_OBJC_ARC = YES;
				CLANG_WARN_BLOCK_CAPTURE_AUTORELEASING = YES;
				CLANG_WARN_BOOL_CONVERSION = YES;
				CLANG_WARN_COMMA = YES;
				CLANG_WARN_CONSTANT_CONVERSION = YES;
				CLANG_WARN_DIRECT_OBJC_ISA_USAGE = YES_ERROR;
				CLANG_WARN_DOCUMENTATION_COMMENTS = YES;
				CLANG_WARN_EMPTY_BODY = YES;
				CLANG_WARN_ENUM_CONVERSION = YES;
				CLANG_WARN_INFINITE_RECURSION = YES;
				CLANG_WARN_INT_CONVERSION = YES;
				CLANG_WARN_NON_LITERAL_NULL_CONVERSION = YES;
				CLANG_WARN_OBJC_LITERAL_CONVERSION = YES;
				CLANG_WARN_OBJC_ROOT_CLASS = YES_ERROR;
				CLANG_WARN_RANGE_LOOP_ANALYSIS = YES;
				CLANG_WARN_STRICT_PROTOTYPES = YES;
				CLANG_WARN_SUSPICIOUS_MOVE = YES;
				CLANG_WARN_UNGUARDED_AVAILABILITY = YES_AGGRESSIVE;
				CLANG_WARN_UNREACHABLE_CODE = YES;
				CLANG_WARN__DUPLICATE_METHOD_MATCH = YES;
				CODE_SIGN_IDENTITY = "iPhone Developer";
				COPY_PHASE_STRIP = NO;
				DEBUG_INFORMATION_FORMAT = dwarf;
				ENABLE_STRICT_OBJC_MSGSEND = YES;
				ENABLE_TESTABILITY = YES;
				GCC_C_LANGUAGE_STANDARD = gnu11;
				GCC_DYNAMIC_NO_PIC = NO;
				GCC_NO_COMMON_BLOCKS = YES;
				GCC_OPTIMIZATION_LEVEL = 0;
				GCC_PREPROCESSOR_DEFINITIONS = (
					"DEBUG=1",
					"$(inherited)",
				);
				GCC_WARN_64_TO_32_BIT_CONVERSION = YES;
				GCC_WARN_ABOUT_RETURN_TYPE = YES_ERROR;
				GCC_WARN_UNDECLARED_SELECTOR = YES;
				GCC_WARN_UNINITIALIZED_AUTOS = YES_AGGRESSIVE;
				GCC_WARN_UNUSED_FUNCTION = YES;
				GCC_WARN_UNUSED_VARIABLE = YES;
				IPHONEOS_DEPLOYMENT_TARGET = 11.2;
				MTL_ENABLE_DEBUG_INFO = YES;
				ONLY_ACTIVE_ARCH = YES;
				SDKROOT = iphoneos;
			};
			name = Debug;
		};
		86E0B49420C8CC5400424FCC /* Release */ = {
			isa = XCBuildConfiguration;
			buildSettings = {
				ALWAYS_SEARCH_USER_PATHS = NO;
				CLANG_ANALYZER_NONNULL = YES;
				CLANG_ANALYZER_NUMBER_OBJECT_CONVERSION = YES_AGGRESSIVE;
				CLANG_CXX_LANGUAGE_STANDARD = "gnu++14";
				CLANG_CXX_LIBRARY = "libc++";
				CLANG_ENABLE_MODULES = YES;
				CLANG_ENABLE_OBJC_ARC = YES;
				CLANG_WARN_BLOCK_CAPTURE_AUTORELEASING = YES;
				CLANG_WARN_BOOL_CONVERSION = YES;
				CLANG_WARN_COMMA = YES;
				CLANG_WARN_CONSTANT_CONVERSION = YES;
				CLANG_WARN_DIRECT_OBJC_ISA_USAGE = YES_ERROR;
				CLANG_WARN_DOCUMENTATION_COMMENTS = YES;
				CLANG_WARN_EMPTY_BODY = YES;
				CLANG_WARN_ENUM_CONVERSION = YES;
				CLANG_WARN_INFINITE_RECURSION = YES;
				CLANG_WARN_INT_CONVERSION = YES;
				CLANG_WARN_NON_LITERAL_NULL_CONVERSION = YES;
				CLANG_WARN_OBJC_LITERAL_CONVERSION = YES;
				CLANG_WARN_OBJC_ROOT_CLASS = YES_ERROR;
				CLANG_WARN_RANGE_LOOP_ANALYSIS = YES;
				CLANG_WARN_STRICT_PROTOTYPES = YES;
				CLANG_WARN_SUSPICIOUS_MOVE = YES;
				CLANG_WARN_UNGUARDED_AVAILABILITY = YES_AGGRESSIVE;
				CLANG_WARN_UNREACHABLE_CODE = YES;
				CLANG_WARN__DUPLICATE_METHOD_MATCH = YES;
				CODE_SIGN_IDENTITY = "iPhone Developer";
				COPY_PHASE_STRIP = NO;
				DEBUG_INFORMATION_FORMAT = "dwarf-with-dsym";
				ENABLE_NS_ASSERTIONS = NO;
				ENABLE_STRICT_OBJC_MSGSEND = YES;
				GCC_C_LANGUAGE_STANDARD = gnu11;
				GCC_NO_COMMON_BLOCKS = YES;
				GCC_WARN_64_TO_32_BIT_CONVERSION = YES;
				GCC_WARN_ABOUT_RETURN_TYPE = YES_ERROR;
				GCC_WARN_UNDECLARED_SELECTOR = YES;
				GCC_WARN_UNINITIALIZED_AUTOS = YES_AGGRESSIVE;
				GCC_WARN_UNUSED_FUNCTION = YES;
				GCC_WARN_UNUSED_VARIABLE = YES;
				IPHONEOS_DEPLOYMENT_TARGET = 11.2;
				MTL_ENABLE_DEBUG_INFO = NO;
				SDKROOT = iphoneos;
				VALIDATE_PRODUCT = YES;
			};
			name = Release;
		};
		86E0B49620C8CC5400424FCC /* Debug */ = {
			isa = XCBuildConfiguration;
			buildSettings = {
				ASSETCATALOG_COMPILER_APPICON_NAME = AppIcon;
				CODE_SIGN_STYLE = Automatic;
				DEVELOPMENT_TEAM = ZRG4PA3U8V;
				INFOPLIST_FILE = LEOLab/Info.plist;
				LD_RUNPATH_SEARCH_PATHS = "$(inherited) @executable_path/Frameworks";
				PRODUCT_BUNDLE_IDENTIFIER = com.liaoyuan.LEOLab;
				PRODUCT_NAME = "$(TARGET_NAME)";
				TARGETED_DEVICE_FAMILY = "1,2";
			};
			name = Debug;
		};
		86E0B49720C8CC5400424FCC /* Release */ = {
			isa = XCBuildConfiguration;
			buildSettings = {
				ASSETCATALOG_COMPILER_APPICON_NAME = AppIcon;
				CODE_SIGN_STYLE = Automatic;
				DEVELOPMENT_TEAM = ZRG4PA3U8V;
				INFOPLIST_FILE = LEOLab/Info.plist;
				LD_RUNPATH_SEARCH_PATHS = "$(inherited) @executable_path/Frameworks";
				PRODUCT_BUNDLE_IDENTIFIER = com.liaoyuan.LEOLab;
				PRODUCT_NAME = "$(TARGET_NAME)";
				TARGETED_DEVICE_FAMILY = "1,2";
			};
			name = Release;
		};
		86E0B49920C8CC5400424FCC /* Debug */ = {
			isa = XCBuildConfiguration;
			buildSettings = {
				BUNDLE_LOADER = "$(TEST_HOST)";
				CODE_SIGN_STYLE = Automatic;
				DEVELOPMENT_TEAM = ZRG4PA3U8V;
				INFOPLIST_FILE = LEOLabTests/Info.plist;
				LD_RUNPATH_SEARCH_PATHS = "$(inherited) @executable_path/Frameworks @loader_path/Frameworks";
				PRODUCT_BUNDLE_IDENTIFIER = com.liaoyuan.LEOLabTests;
				PRODUCT_NAME = "$(TARGET_NAME)";
				TARGETED_DEVICE_FAMILY = "1,2";
				TEST_HOST = "$(BUILT_PRODUCTS_DIR)/LEOLab.app/LEOLab";
			};
			name = Debug;
		};
		86E0B49A20C8CC5400424FCC /* Release */ = {
			isa = XCBuildConfiguration;
			buildSettings = {
				BUNDLE_LOADER = "$(TEST_HOST)";
				CODE_SIGN_STYLE = Automatic;
				DEVELOPMENT_TEAM = ZRG4PA3U8V;
				INFOPLIST_FILE = LEOLabTests/Info.plist;
				LD_RUNPATH_SEARCH_PATHS = "$(inherited) @executable_path/Frameworks @loader_path/Frameworks";
				PRODUCT_BUNDLE_IDENTIFIER = com.liaoyuan.LEOLabTests;
				PRODUCT_NAME = "$(TARGET_NAME)";
				TARGETED_DEVICE_FAMILY = "1,2";
				TEST_HOST = "$(BUILT_PRODUCTS_DIR)/LEOLab.app/LEOLab";
			};
			name = Release;
		};
		86E0B49C20C8CC5400424FCC /* Debug */ = {
			isa = XCBuildConfiguration;
			buildSettings = {
				CODE_SIGN_STYLE = Automatic;
				DEVELOPMENT_TEAM = ZRG4PA3U8V;
				INFOPLIST_FILE = LEOLabUITests/Info.plist;
				LD_RUNPATH_SEARCH_PATHS = "$(inherited) @executable_path/Frameworks @loader_path/Frameworks";
				PRODUCT_BUNDLE_IDENTIFIER = com.liaoyuan.LEOLabUITests;
				PRODUCT_NAME = "$(TARGET_NAME)";
				TARGETED_DEVICE_FAMILY = "1,2";
				TEST_TARGET_NAME = LEOLab;
			};
			name = Debug;
		};
		86E0B49D20C8CC5400424FCC /* Release */ = {
			isa = XCBuildConfiguration;
			buildSettings = {
				CODE_SIGN_STYLE = Automatic;
				DEVELOPMENT_TEAM = ZRG4PA3U8V;
				INFOPLIST_FILE = LEOLabUITests/Info.plist;
				LD_RUNPATH_SEARCH_PATHS = "$(inherited) @executable_path/Frameworks @loader_path/Frameworks";
				PRODUCT_BUNDLE_IDENTIFIER = com.liaoyuan.LEOLabUITests;
				PRODUCT_NAME = "$(TARGET_NAME)";
				TARGETED_DEVICE_FAMILY = "1,2";
				TEST_TARGET_NAME = LEOLab;
			};
			name = Release;
		};
/* End XCBuildConfiguration section */

/* Begin XCConfigurationList section */
		86E0B46120C8CC5400424FCC /* Build configuration list for PBXProject "LEOLab" */ = {
			isa = XCConfigurationList;
			buildConfigurations = (
				86E0B49320C8CC5400424FCC /* Debug */,
				86E0B49420C8CC5400424FCC /* Release */,
			);
			defaultConfigurationIsVisible = 0;
			defaultConfigurationName = Release;
		};
		86E0B49520C8CC5400424FCC /* Build configuration list for PBXNativeTarget "LEOLab" */ = {
			isa = XCConfigurationList;
			buildConfigurations = (
				86E0B49620C8CC5400424FCC /* Debug */,
				86E0B49720C8CC5400424FCC /* Release */,
			);
			defaultConfigurationIsVisible = 0;
			defaultConfigurationName = Release;
		};
		86E0B49820C8CC5400424FCC /* Build configuration list for PBXNativeTarget "LEOLabTests" */ = {
			isa = XCConfigurationList;
			buildConfigurations = (
				86E0B49920C8CC5400424FCC /* Debug */,
				86E0B49A20C8CC5400424FCC /* Release */,
			);
			defaultConfigurationIsVisible = 0;
			defaultConfigurationName = Release;
		};
		86E0B49B20C8CC5400424FCC /* Build configuration list for PBXNativeTarget "LEOLabUITests" */ = {
			isa = XCConfigurationList;
			buildConfigurations = (
				86E0B49C20C8CC5400424FCC /* Debug */,
				86E0B49D20C8CC5400424FCC /* Release */,
			);
			defaultConfigurationIsVisible = 0;
			defaultConfigurationName = Release;
		};
/* End XCConfigurationList section */
	};
	rootObject = 86E0B45E20C8CC5400424FCC /* Project object */;
}
